// !$*UTF8*$!
{
	archiveVersion = 1;
	classes = {
	};
	objectVersion = 55;
	objects = {

/* Begin PBXBuildFile section */
		D7687CBE286A36490037BEB5 /* LocationManager.swift in Sources */ = {isa = PBXBuildFile; fileRef = D7687CBD286A36490037BEB5 /* LocationManager.swift */; };
		D78061C3285713C7003125A0 /* WeatherDetailView.swift in Sources */ = {isa = PBXBuildFile; fileRef = D78061C2285713C7003125A0 /* WeatherDetailView.swift */; };
		D78EFF662851AF6A0075E6A1 /* CustomCorners.swift in Sources */ = {isa = PBXBuildFile; fileRef = D78EFF652851AF6A0075E6A1 /* CustomCorners.swift */; };
		D7925D04284BA62900FA1F28 /* Weather.swift in Sources */ = {isa = PBXBuildFile; fileRef = D7925D03284BA62900FA1F28 /* Weather.swift */; };
		D798D9E3284FCC2700097978 /* CustomStackView.swift in Sources */ = {isa = PBXBuildFile; fileRef = D798D9E2284FCC2700097978 /* CustomStackView.swift */; };
		D799C0D7284E5AE80084C541 /* HourlyWeatherView.swift in Sources */ = {isa = PBXBuildFile; fileRef = D799C0D6284E5AE80084C541 /* HourlyWeatherView.swift */; };
		D799C0DA284E5CF90084C541 /* HourColumn.swift in Sources */ = {isa = PBXBuildFile; fileRef = D799C0D9284E5CF90084C541 /* HourColumn.swift */; };
		D7ABEFE0283FF57300F7E44C /* WeatherAroundApp.swift in Sources */ = {isa = PBXBuildFile; fileRef = D7ABEFDF283FF57300F7E44C /* WeatherAroundApp.swift */; };
		D7ABEFE2283FF57300F7E44C /* ContentView.swift in Sources */ = {isa = PBXBuildFile; fileRef = D7ABEFE1283FF57300F7E44C /* ContentView.swift */; };
		D7ABEFE4283FF57800F7E44C /* Assets.xcassets in Resources */ = {isa = PBXBuildFile; fileRef = D7ABEFE3283FF57800F7E44C /* Assets.xcassets */; };
		D7ABEFE7283FF57800F7E44C /* Preview Assets.xcassets in Resources */ = {isa = PBXBuildFile; fileRef = D7ABEFE6283FF57800F7E44C /* Preview Assets.xcassets */; };
		D7ABEFF1283FF87B00F7E44C /* ViewModel.swift in Sources */ = {isa = PBXBuildFile; fileRef = D7ABEFF0283FF87B00F7E44C /* ViewModel.swift */; };
		D7B024C0284916BF004549B5 /* WeatherManager.swift in Sources */ = {isa = PBXBuildFile; fileRef = D7B024BF284916BF004549B5 /* WeatherManager.swift */; };
		D7B024DC284A60FF004549B5 /* CurrentWeatherResponse.swift in Sources */ = {isa = PBXBuildFile; fileRef = D7B024DB284A60FE004549B5 /* CurrentWeatherResponse.swift */; };
		D7BE6A02284CC9510040AAC2 /* HeaderView.swift in Sources */ = {isa = PBXBuildFile; fileRef = D7BE6A01284CC9510040AAC2 /* HeaderView.swift */; };
		D7BE6A04284CD1960040AAC2 /* IconColor.swift in Sources */ = {isa = PBXBuildFile; fileRef = D7BE6A03284CD1960040AAC2 /* IconColor.swift */; };
		D7D098BD2865A16100138FBC /* APIKeys.swift in Sources */ = {isa = PBXBuildFile; fileRef = D7D098BC2865A16100138FBC /* APIKeys.swift */; };
		D7D098BF2866191E00138FBC /* WeatherServiceExtensions.swift in Sources */ = {isa = PBXBuildFile; fileRef = D7D098BE2866191E00138FBC /* WeatherServiceExtensions.swift */; };
		D7D098C12866312200138FBC /* DailyForecastView.swift in Sources */ = {isa = PBXBuildFile; fileRef = D7D098C02866312200138FBC /* DailyForecastView.swift */; };
		D7EB426A286CD7D500C6BC8D /* LoadingView.swift in Sources */ = {isa = PBXBuildFile; fileRef = D7EB4269286CD7D500C6BC8D /* LoadingView.swift */; };
/* End PBXBuildFile section */

/* Begin PBXFileReference section */
		D7687CBD286A36490037BEB5 /* LocationManager.swift */ = {isa = PBXFileReference; lastKnownFileType = sourcecode.swift; path = LocationManager.swift; sourceTree = "<group>"; };
		D78061C2285713C7003125A0 /* WeatherDetailView.swift */ = {isa = PBXFileReference; lastKnownFileType = sourcecode.swift; path = WeatherDetailView.swift; sourceTree = "<group>"; };
		D78EFF652851AF6A0075E6A1 /* CustomCorners.swift */ = {isa = PBXFileReference; lastKnownFileType = sourcecode.swift; path = CustomCorners.swift; sourceTree = "<group>"; };
		D7925D03284BA62900FA1F28 /* Weather.swift */ = {isa = PBXFileReference; lastKnownFileType = sourcecode.swift; path = Weather.swift; sourceTree = "<group>"; };
		D798D9E2284FCC2700097978 /* CustomStackView.swift */ = {isa = PBXFileReference; lastKnownFileType = sourcecode.swift; path = CustomStackView.swift; sourceTree = "<group>"; };
		D799C0D6284E5AE80084C541 /* HourlyWeatherView.swift */ = {isa = PBXFileReference; lastKnownFileType = sourcecode.swift; path = HourlyWeatherView.swift; sourceTree = "<group>"; };
		D799C0D9284E5CF90084C541 /* HourColumn.swift */ = {isa = PBXFileReference; lastKnownFileType = sourcecode.swift; path = HourColumn.swift; sourceTree = "<group>"; };
		D7ABEFDC283FF57300F7E44C /* WeatherAround.app */ = {isa = PBXFileReference; explicitFileType = wrapper.application; includeInIndex = 0; path = WeatherAround.app; sourceTree = BUILT_PRODUCTS_DIR; };
		D7ABEFDF283FF57300F7E44C /* WeatherAroundApp.swift */ = {isa = PBXFileReference; lastKnownFileType = sourcecode.swift; path = WeatherAroundApp.swift; sourceTree = "<group>"; };
		D7ABEFE1283FF57300F7E44C /* ContentView.swift */ = {isa = PBXFileReference; lastKnownFileType = sourcecode.swift; path = ContentView.swift; sourceTree = "<group>"; };
		D7ABEFE3283FF57800F7E44C /* Assets.xcassets */ = {isa = PBXFileReference; lastKnownFileType = folder.assetcatalog; path = Assets.xcassets; sourceTree = "<group>"; };
		D7ABEFE6283FF57800F7E44C /* Preview Assets.xcassets */ = {isa = PBXFileReference; lastKnownFileType = folder.assetcatalog; path = "Preview Assets.xcassets"; sourceTree = "<group>"; };
		D7ABEFED283FF60300F7E44C /* .gitignore.md */ = {isa = PBXFileReference; lastKnownFileType = net.daringfireball.markdown; path = .gitignore.md; sourceTree = "<group>"; };
		D7ABEFF0283FF87B00F7E44C /* ViewModel.swift */ = {isa = PBXFileReference; lastKnownFileType = sourcecode.swift; path = ViewModel.swift; sourceTree = "<group>"; };
		D7ABEFF2284233BC00F7E44C /* Info.plist */ = {isa = PBXFileReference; lastKnownFileType = text.plist; path = Info.plist; sourceTree = "<group>"; };
		D7B024BF284916BF004549B5 /* WeatherManager.swift */ = {isa = PBXFileReference; lastKnownFileType = sourcecode.swift; path = WeatherManager.swift; sourceTree = "<group>"; };
		D7B024DB284A60FE004549B5 /* CurrentWeatherResponse.swift */ = {isa = PBXFileReference; lastKnownFileType = sourcecode.swift; path = CurrentWeatherResponse.swift; sourceTree = "<group>"; };
		D7BE6A01284CC9510040AAC2 /* HeaderView.swift */ = {isa = PBXFileReference; lastKnownFileType = sourcecode.swift; path = HeaderView.swift; sourceTree = "<group>"; };
		D7BE6A03284CD1960040AAC2 /* IconColor.swift */ = {isa = PBXFileReference; lastKnownFileType = sourcecode.swift; path = IconColor.swift; sourceTree = "<group>"; };
		D7D098BC2865A16100138FBC /* APIKeys.swift */ = {isa = PBXFileReference; lastKnownFileType = sourcecode.swift; path = APIKeys.swift; sourceTree = "<group>"; };
		D7D098BE2866191E00138FBC /* WeatherServiceExtensions.swift */ = {isa = PBXFileReference; lastKnownFileType = sourcecode.swift; path = WeatherServiceExtensions.swift; sourceTree = "<group>"; };
		D7D098C02866312200138FBC /* DailyForecastView.swift */ = {isa = PBXFileReference; lastKnownFileType = sourcecode.swift; path = DailyForecastView.swift; sourceTree = "<group>"; };
		D7EB4269286CD7D500C6BC8D /* LoadingView.swift */ = {isa = PBXFileReference; lastKnownFileType = sourcecode.swift; path = LoadingView.swift; sourceTree = "<group>"; };
/* End PBXFileReference section */

/* Begin PBXFrameworksBuildPhase section */
		D7ABEFD9283FF57300F7E44C /* Frameworks */ = {
			isa = PBXFrameworksBuildPhase;
			buildActionMask = 2147483647;
			files = (
			);
			runOnlyForDeploymentPostprocessing = 0;
		};
/* End PBXFrameworksBuildPhase section */

/* Begin PBXGroup section */
		D78EFF692854DB8F0075E6A1 /* Components */ = {
			isa = PBXGroup;
			children = (
				D78EFF652851AF6A0075E6A1 /* CustomCorners.swift */,
				D798D9E2284FCC2700097978 /* CustomStackView.swift */,
				D799C0D9284E5CF90084C541 /* HourColumn.swift */,
				D7BE6A03284CD1960040AAC2 /* IconColor.swift */,
				D7EB4269286CD7D500C6BC8D /* LoadingView.swift */,
			);
			path = Components;
			sourceTree = "<group>";
		};
		D799C0D8284E5AF10084C541 /* Views */ = {
			isa = PBXGroup;
			children = (
				D7BE6A01284CC9510040AAC2 /* HeaderView.swift */,
				D799C0D6284E5AE80084C541 /* HourlyWeatherView.swift */,
				D7D098C02866312200138FBC /* DailyForecastView.swift */,
				D78061C2285713C7003125A0 /* WeatherDetailView.swift */,
				D78EFF692854DB8F0075E6A1 /* Components */,
			);
			path = Views;
			sourceTree = "<group>";
		};
		D7AB5FAA286C09F30081519A /* Networking */ = {
			isa = PBXGroup;
			children = (
				D7B024BF284916BF004549B5 /* WeatherManager.swift */,
				D7687CBD286A36490037BEB5 /* LocationManager.swift */,
				D7D098BE2866191E00138FBC /* WeatherServiceExtensions.swift */,
				D7D098BC2865A16100138FBC /* APIKeys.swift */,
			);
			path = Networking;
			sourceTree = "<group>";
		};
		D7ABEFD3283FF57300F7E44C = {
			isa = PBXGroup;
			children = (
				D7ABEFDE283FF57300F7E44C /* WeatherAround */,
				D7ABEFDD283FF57300F7E44C /* Products */,
			);
			sourceTree = "<group>";
		};
		D7ABEFDD283FF57300F7E44C /* Products */ = {
			isa = PBXGroup;
			children = (
				D7ABEFDC283FF57300F7E44C /* WeatherAround.app */,
			);
			name = Products;
			sourceTree = "<group>";
		};
		D7ABEFDE283FF57300F7E44C /* WeatherAround */ = {
			isa = PBXGroup;
			children = (
				D7ABEFF2284233BC00F7E44C /* Info.plist */,
				D7ABEFDF283FF57300F7E44C /* WeatherAroundApp.swift */,
				D7ABEFE1283FF57300F7E44C /* ContentView.swift */,
				D799C0D8284E5AF10084C541 /* Views */,
				D7ABEFF4284243B000F7E44C /* ViewModel */,
				D7ABEFF32842439700F7E44C /* Model */,
				D7ABEFE3283FF57800F7E44C /* Assets.xcassets */,
				D7ABEFE5283FF57800F7E44C /* Preview Content */,
				D7ABEFED283FF60300F7E44C /* .gitignore.md */,
			);
			path = WeatherAround;
			sourceTree = "<group>";
		};
		D7ABEFE5283FF57800F7E44C /* Preview Content */ = {
			isa = PBXGroup;
			children = (
				D7ABEFE6283FF57800F7E44C /* Preview Assets.xcassets */,
			);
			path = "Preview Content";
			sourceTree = "<group>";
		};
		D7ABEFF32842439700F7E44C /* Model */ = {
			isa = PBXGroup;
			children = (
				D7925D03284BA62900FA1F28 /* Weather.swift */,
				D7B024DB284A60FE004549B5 /* CurrentWeatherResponse.swift */,
			);
			path = Model;
			sourceTree = "<group>";
		};
		D7ABEFF4284243B000F7E44C /* ViewModel */ = {
			isa = PBXGroup;
			children = (
				D7ABEFF0283FF87B00F7E44C /* ViewModel.swift */,
				D7AB5FAA286C09F30081519A /* Networking */,
			);
			path = ViewModel;
			sourceTree = "<group>";
		};
/* End PBXGroup section */

/* Begin PBXNativeTarget section */
		D7ABEFDB283FF57300F7E44C /* WeatherAround */ = {
			isa = PBXNativeTarget;
			buildConfigurationList = D7ABEFEA283FF57800F7E44C /* Build configuration list for PBXNativeTarget "WeatherAround" */;
			buildPhases = (
				D7ABEFD8283FF57300F7E44C /* Sources */,
				D7ABEFD9283FF57300F7E44C /* Frameworks */,
				D7ABEFDA283FF57300F7E44C /* Resources */,
			);
			buildRules = (
			);
			dependencies = (
			);
			name = WeatherAround;
			productName = WeatherAround;
			productReference = D7ABEFDC283FF57300F7E44C /* WeatherAround.app */;
			productType = "com.apple.product-type.application";
		};
/* End PBXNativeTarget section */

/* Begin PBXProject section */
		D7ABEFD4283FF57300F7E44C /* Project object */ = {
			isa = PBXProject;
			attributes = {
				BuildIndependentTargetsInParallel = 1;
				LastSwiftUpdateCheck = 1340;
				LastUpgradeCheck = 1340;
				TargetAttributes = {
					D7ABEFDB283FF57300F7E44C = {
						CreatedOnToolsVersion = 13.4;
					};
				};
			};
			buildConfigurationList = D7ABEFD7283FF57300F7E44C /* Build configuration list for PBXProject "WeatherAround" */;
			compatibilityVersion = "Xcode 13.0";
			developmentRegion = en;
			hasScannedForEncodings = 0;
			knownRegions = (
				en,
				Base,
			);
			mainGroup = D7ABEFD3283FF57300F7E44C;
			productRefGroup = D7ABEFDD283FF57300F7E44C /* Products */;
			projectDirPath = "";
			projectRoot = "";
			targets = (
				D7ABEFDB283FF57300F7E44C /* WeatherAround */,
			);
		};
/* End PBXProject section */

/* Begin PBXResourcesBuildPhase section */
		D7ABEFDA283FF57300F7E44C /* Resources */ = {
			isa = PBXResourcesBuildPhase;
			buildActionMask = 2147483647;
			files = (
				D7ABEFE7283FF57800F7E44C /* Preview Assets.xcassets in Resources */,
				D7ABEFE4283FF57800F7E44C /* Assets.xcassets in Resources */,
			);
			runOnlyForDeploymentPostprocessing = 0;
		};
/* End PBXResourcesBuildPhase section */

/* Begin PBXSourcesBuildPhase section */
		D7ABEFD8283FF57300F7E44C /* Sources */ = {
			isa = PBXSourcesBuildPhase;
			buildActionMask = 2147483647;
			files = (
				D7ABEFE2283FF57300F7E44C /* ContentView.swift in Sources */,
				D7687CBE286A36490037BEB5 /* LocationManager.swift in Sources */,
				D78EFF662851AF6A0075E6A1 /* CustomCorners.swift in Sources */,
				D7B024C0284916BF004549B5 /* WeatherManager.swift in Sources */,
				D78061C3285713C7003125A0 /* WeatherDetailView.swift in Sources */,
				D799C0D7284E5AE80084C541 /* HourlyWeatherView.swift in Sources */,
				D7D098BD2865A16100138FBC /* APIKeys.swift in Sources */,
				D7BE6A04284CD1960040AAC2 /* IconColor.swift in Sources */,
				D798D9E3284FCC2700097978 /* CustomStackView.swift in Sources */,
				D7B024DC284A60FF004549B5 /* CurrentWeatherResponse.swift in Sources */,
				D7D098BF2866191E00138FBC /* WeatherServiceExtensions.swift in Sources */,
				D7ABEFF1283FF87B00F7E44C /* ViewModel.swift in Sources */,
				D7D098C12866312200138FBC /* DailyForecastView.swift in Sources */,
				D7925D04284BA62900FA1F28 /* Weather.swift in Sources */,
				D799C0DA284E5CF90084C541 /* HourColumn.swift in Sources */,
				D7ABEFE0283FF57300F7E44C /* WeatherAroundApp.swift in Sources */,
				D7BE6A02284CC9510040AAC2 /* HeaderView.swift in Sources */,
				D7EB426A286CD7D500C6BC8D /* LoadingView.swift in Sources */,
			);
			runOnlyForDeploymentPostprocessing = 0;
		};
/* End PBXSourcesBuildPhase section */

/* Begin XCBuildConfiguration section */
		D7ABEFE8283FF57800F7E44C /* Debug */ = {
			isa = XCBuildConfiguration;
			buildSettings = {
				ALWAYS_SEARCH_USER_PATHS = NO;
				CLANG_ANALYZER_NONNULL = YES;
				CLANG_ANALYZER_NUMBER_OBJECT_CONVERSION = YES_AGGRESSIVE;
				CLANG_CXX_LANGUAGE_STANDARD = "gnu++17";
				CLANG_ENABLE_MODULES = YES;
				CLANG_ENABLE_OBJC_ARC = YES;
				CLANG_ENABLE_OBJC_WEAK = YES;
				CLANG_WARN_BLOCK_CAPTURE_AUTORELEASING = YES;
				CLANG_WARN_BOOL_CONVERSION = YES;
				CLANG_WARN_COMMA = YES;
				CLANG_WARN_CONSTANT_CONVERSION = YES;
				CLANG_WARN_DEPRECATED_OBJC_IMPLEMENTATIONS = YES;
				CLANG_WARN_DIRECT_OBJC_ISA_USAGE = YES_ERROR;
				CLANG_WARN_DOCUMENTATION_COMMENTS = YES;
				CLANG_WARN_EMPTY_BODY = YES;
				CLANG_WARN_ENUM_CONVERSION = YES;
				CLANG_WARN_INFINITE_RECURSION = YES;
				CLANG_WARN_INT_CONVERSION = YES;
				CLANG_WARN_NON_LITERAL_NULL_CONVERSION = YES;
				CLANG_WARN_OBJC_IMPLICIT_RETAIN_SELF = YES;
				CLANG_WARN_OBJC_LITERAL_CONVERSION = YES;
				CLANG_WARN_OBJC_ROOT_CLASS = YES_ERROR;
				CLANG_WARN_QUOTED_INCLUDE_IN_FRAMEWORK_HEADER = YES;
				CLANG_WARN_RANGE_LOOP_ANALYSIS = YES;
				CLANG_WARN_STRICT_PROTOTYPES = YES;
				CLANG_WARN_SUSPICIOUS_MOVE = YES;
				CLANG_WARN_UNGUARDED_AVAILABILITY = YES_AGGRESSIVE;
				CLANG_WARN_UNREACHABLE_CODE = YES;
				CLANG_WARN__DUPLICATE_METHOD_MATCH = YES;
				COPY_PHASE_STRIP = NO;
				DEBUG_INFORMATION_FORMAT = dwarf;
				ENABLE_STRICT_OBJC_MSGSEND = YES;
				ENABLE_TESTABILITY = YES;
				GCC_C_LANGUAGE_STANDARD = gnu11;
				GCC_DYNAMIC_NO_PIC = NO;
				GCC_NO_COMMON_BLOCKS = YES;
				GCC_OPTIMIZATION_LEVEL = 0;
				GCC_PREPROCESSOR_DEFINITIONS = (
					"DEBUG=1",
					"$(inherited)",
				);
				GCC_WARN_64_TO_32_BIT_CONVERSION = YES;
				GCC_WARN_ABOUT_RETURN_TYPE = YES_ERROR;
				GCC_WARN_UNDECLARED_SELECTOR = YES;
				GCC_WARN_UNINITIALIZED_AUTOS = YES_AGGRESSIVE;
				GCC_WARN_UNUSED_FUNCTION = YES;
				GCC_WARN_UNUSED_VARIABLE = YES;
				IPHONEOS_DEPLOYMENT_TARGET = 15.5;
				MTL_ENABLE_DEBUG_INFO = INCLUDE_SOURCE;
				MTL_FAST_MATH = YES;
				ONLY_ACTIVE_ARCH = YES;
				SDKROOT = iphoneos;
				SWIFT_ACTIVE_COMPILATION_CONDITIONS = DEBUG;
				SWIFT_OPTIMIZATION_LEVEL = "-Onone";
			};
			name = Debug;
		};
		D7ABEFE9283FF57800F7E44C /* Release */ = {
			isa = XCBuildConfiguration;
			buildSettings = {
				ALWAYS_SEARCH_USER_PATHS = NO;
				CLANG_ANALYZER_NONNULL = YES;
				CLANG_ANALYZER_NUMBER_OBJECT_CONVERSION = YES_AGGRESSIVE;
				CLANG_CXX_LANGUAGE_STANDARD = "gnu++17";
				CLANG_ENABLE_MODULES = YES;
				CLANG_ENABLE_OBJC_ARC = YES;
				CLANG_ENABLE_OBJC_WEAK = YES;
				CLANG_WARN_BLOCK_CAPTURE_AUTORELEASING = YES;
				CLANG_WARN_BOOL_CONVERSION = YES;
				CLANG_WARN_COMMA = YES;
				CLANG_WARN_CONSTANT_CONVERSION = YES;
				CLANG_WARN_DEPRECATED_OBJC_IMPLEMENTATIONS = YES;
				CLANG_WARN_DIRECT_OBJC_ISA_USAGE = YES_ERROR;
				CLANG_WARN_DOCUMENTATION_COMMENTS = YES;
				CLANG_WARN_EMPTY_BODY = YES;
				CLANG_WARN_ENUM_CONVERSION = YES;
				CLANG_WARN_INFINITE_RECURSION = YES;
				CLANG_WARN_INT_CONVERSION = YES;
				CLANG_WARN_NON_LITERAL_NULL_CONVERSION = YES;
				CLANG_WARN_OBJC_IMPLICIT_RETAIN_SELF = YES;
				CLANG_WARN_OBJC_LITERAL_CONVERSION = YES;
				CLANG_WARN_OBJC_ROOT_CLASS = YES_ERROR;
				CLANG_WARN_QUOTED_INCLUDE_IN_FRAMEWORK_HEADER = YES;
				CLANG_WARN_RANGE_LOOP_ANALYSIS = YES;
				CLANG_WARN_STRICT_PROTOTYPES = YES;
				CLANG_WARN_SUSPICIOUS_MOVE = YES;
				CLANG_WARN_UNGUARDED_AVAILABILITY = YES_AGGRESSIVE;
				CLANG_WARN_UNREACHABLE_CODE = YES;
				CLANG_WARN__DUPLICATE_METHOD_MATCH = YES;
				COPY_PHASE_STRIP = NO;
				DEBUG_INFORMATION_FORMAT = "dwarf-with-dsym";
				ENABLE_NS_ASSERTIONS = NO;
				ENABLE_STRICT_OBJC_MSGSEND = YES;
				GCC_C_LANGUAGE_STANDARD = gnu11;
				GCC_NO_COMMON_BLOCKS = YES;
				GCC_WARN_64_TO_32_BIT_CONVERSION = YES;
				GCC_WARN_ABOUT_RETURN_TYPE = YES_ERROR;
				GCC_WARN_UNDECLARED_SELECTOR = YES;
				GCC_WARN_UNINITIALIZED_AUTOS = YES_AGGRESSIVE;
				GCC_WARN_UNUSED_FUNCTION = YES;
				GCC_WARN_UNUSED_VARIABLE = YES;
				IPHONEOS_DEPLOYMENT_TARGET = 15.5;
				MTL_ENABLE_DEBUG_INFO = NO;
				MTL_FAST_MATH = YES;
				SDKROOT = iphoneos;
				SWIFT_COMPILATION_MODE = wholemodule;
				SWIFT_OPTIMIZATION_LEVEL = "-O";
				VALIDATE_PRODUCT = YES;
			};
			name = Release;
		};
		D7ABEFEB283FF57800F7E44C /* Debug */ = {
			isa = XCBuildConfiguration;
			buildSettings = {
				ASSETCATALOG_COMPILER_APPICON_NAME = AppIcon;
				ASSETCATALOG_COMPILER_GLOBAL_ACCENT_COLOR_NAME = AccentColor;
				CODE_SIGN_STYLE = Automatic;
				CURRENT_PROJECT_VERSION = 1;
				DEVELOPMENT_ASSET_PATHS = "\"WeatherAround/Preview Content\"";
				DEVELOPMENT_TEAM = 95D5HHTHLU;
				ENABLE_PREVIEWS = YES;
				GENERATE_INFOPLIST_FILE = YES;
				INFOPLIST_FILE = WeatherAround/Info.plist;
				INFOPLIST_KEY_CFBundleDisplayName = "";
				INFOPLIST_KEY_LSApplicationCategoryType = "";
				INFOPLIST_KEY_NSLocationAlwaysAndWhenInUseUsageDescription = "We need your location to fetch weather data from internet.";
				INFOPLIST_KEY_NSLocationWhenInUseUsageDescription = "We need your location";
				INFOPLIST_KEY_UIApplicationSceneManifest_Generation = YES;
				INFOPLIST_KEY_UIApplicationSupportsIndirectInputEvents = YES;
				INFOPLIST_KEY_UILaunchScreen_Generation = YES;
				INFOPLIST_KEY_UISupportedInterfaceOrientations_iPad = "UIInterfaceOrientationPortrait UIInterfaceOrientationPortraitUpsideDown UIInterfaceOrientationLandscapeLeft UIInterfaceOrientationLandscapeRight";
				INFOPLIST_KEY_UISupportedInterfaceOrientations_iPhone = UIInterfaceOrientationPortrait;
				LD_RUNPATH_SEARCH_PATHS = (
					"$(inherited)",
					"@executable_path/Frameworks",
				);
				MARKETING_VERSION = 1.0;
				PRODUCT_BUNDLE_IDENTIFIER = MichailDev.WeatherAround;
				PRODUCT_NAME = "$(TARGET_NAME)";
				SWIFT_EMIT_LOC_STRINGS = YES;
				SWIFT_VERSION = 5.0;
				TARGETED_DEVICE_FAMILY = "1,2";
			};
			name = Debug;
		};
		D7ABEFEC283FF57800F7E44C /* Release */ = {
			isa = XCBuildConfiguration;
			buildSettings = {
				ASSETCATALOG_COMPILER_APPICON_NAME = AppIcon;
				ASSETCATALOG_COMPILER_GLOBAL_ACCENT_COLOR_NAME = AccentColor;
				CODE_SIGN_STYLE = Automatic;
				CURRENT_PROJECT_VERSION = 1;
				DEVELOPMENT_ASSET_PATHS = "\"WeatherAround/Preview Content\"";
				DEVELOPMENT_TEAM = 95D5HHTHLU;
				ENABLE_PREVIEWS = YES;
				GENERATE_INFOPLIST_FILE = YES;
				INFOPLIST_FILE = WeatherAround/Info.plist;
				INFOPLIST_KEY_CFBundleDisplayName = "";
				INFOPLIST_KEY_LSApplicationCategoryType = "";
				INFOPLIST_KEY_NSLocationAlwaysAndWhenInUseUsageDescription = "We need your location to fetch weather data from internet.";
				INFOPLIST_KEY_NSLocationWhenInUseUsageDescription = "We need your location";
				INFOPLIST_KEY_UIApplicationSceneManifest_Generation = YES;
				INFOPLIST_KEY_UIApplicationSupportsIndirectInputEvents = YES;
				INFOPLIST_KEY_UILaunchScreen_Generation = YES;
				INFOPLIST_KEY_UISupportedInterfaceOrientations_iPad = "UIInterfaceOrientationPortrait UIInterfaceOrientationPortraitUpsideDown UIInterfaceOrientationLandscapeLeft UIInterfaceOrientationLandscapeRight";
				INFOPLIST_KEY_UISupportedInterfaceOrientations_iPhone = UIInterfaceOrientationPortrait;
				LD_RUNPATH_SEARCH_PATHS = (
					"$(inherited)",
					"@executable_path/Frameworks",
				);
				MARKETING_VERSION = 1.0;
				PRODUCT_BUNDLE_IDENTIFIER = MichailDev.WeatherAround;
				PRODUCT_NAME = "$(TARGET_NAME)";
				SWIFT_EMIT_LOC_STRINGS = YES;
				SWIFT_VERSION = 5.0;
				TARGETED_DEVICE_FAMILY = "1,2";
			};
			name = Release;
		};
/* End XCBuildConfiguration section */

/* Begin XCConfigurationList section */
		D7ABEFD7283FF57300F7E44C /* Build configuration list for PBXProject "WeatherAround" */ = {
			isa = XCConfigurationList;
			buildConfigurations = (
				D7ABEFE8283FF57800F7E44C /* Debug */,
				D7ABEFE9283FF57800F7E44C /* Release */,
			);
			defaultConfigurationIsVisible = 0;
			defaultConfigurationName = Release;
		};
		D7ABEFEA283FF57800F7E44C /* Build configuration list for PBXNativeTarget "WeatherAround" */ = {
			isa = XCConfigurationList;
			buildConfigurations = (
				D7ABEFEB283FF57800F7E44C /* Debug */,
				D7ABEFEC283FF57800F7E44C /* Release */,
			);
			defaultConfigurationIsVisible = 0;
			defaultConfigurationName = Release;
		};
/* End XCConfigurationList section */
	};
	rootObject = D7ABEFD4283FF57300F7E44C /* Project object */;
}
